
Microsoft Visual Studio Solution File, Format Version 12.00
# Visual Studio 14
VisualStudioVersion = 14.0.25420.1
MinimumVisualStudioVersion = 10.0.40219.1
Project("{F2A71F9B-5D33-465A-A702-920D77279786}") = "Taggen", "Taggen\Taggen.fsproj", "{17EF7364-0427-4FF8-8785-26485C4A364F}"
EndProject
Global
	GlobalSection(SolutionConfigurationPlatforms) = preSolution
		Debug|Any CPU = Debug|Any CPU
		Debug|Mixed Platforms = Debug|Mixed Platforms
		Debug|x86 = Debug|x86
		Release|Any CPU = Release|Any CPU
		Release|Mixed Platforms = Release|Mixed Platforms
		Release|x86 = Release|x86
	EndGlobalSection
	GlobalSection(ProjectConfigurationPlatforms) = postSolution
		{17EF7364-0427-4FF8-8785-26485C4A364F}.Debug|Any CPU.ActiveCfg = Debug|Any CPU
		{17EF7364-0427-4FF8-8785-26485C4A364F}.Debug|Any CPU.Build.0 = Debug|Any CPU
		{17EF7364-0427-4FF8-8785-26485C4A364F}.Debug|Mixed Platforms.ActiveCfg = Debug|Any CPU
		{17EF7364-0427-4FF8-8785-26485C4A364F}.Debug|Mixed Platforms.Build.0 = Debug|Any CPU
		{17EF7364-0427-4FF8-8785-26485C4A364F}.Debug|x86.ActiveCfg = Debug|Any CPU
		{17EF7364-0427-4FF8-8785-26485C4A364F}.Release|Any CPU.ActiveCfg = Release|Any CPU
		{17EF7364-0427-4FF8-8785-26485C4A364F}.Release|Any CPU.Build.0 = Release|Any CPU
		{17EF7364-0427-4FF8-8785-26485C4A364F}.Release|Mixed Platforms.ActiveCfg = Release|Any CPU
		{17EF7364-0427-4FF8-8785-26485C4A364F}.Release|Mixed Platforms.Build.0 = Release|Any CPU
		{17EF7364-0427-4FF8-8785-26485C4A364F}.Release|x86.ActiveCfg = Release|Any CPU
	EndGlobalSection
	GlobalSection(SolutionProperties) = preSolution
		HideSolutionNode = FALSE
	EndGlobalSection
	GlobalSection(MonoDevelopProperties) = preSolution
		StartupItem = Taggen\Taggen.fsproj
	EndGlobalSection
EndGlobal
